
Microsoft Visual Studio Solution File, Format Version 12.00
# Visual Studio Version 16
VisualStudioVersion = 16.0.29411.108
MinimumVisualStudioVersion = 10.0.40219.1
Project("{9A19103F-16F7-4668-BE54-9A1E7A4F7556}") = "OAconsole", "OAconsole\OAconsole.csproj", "{BF16198F-897B-476B-81FE-CB72C13DC128}"
EndProject
Project("{9A19103F-16F7-4668-BE54-9A1E7A4F7556}") = "WCore", "WCore\WCore.csproj", "{DEE5DA7C-3E1F-439A-B442-9EFB4C029537}"
EndProject
Project("{9A19103F-16F7-4668-BE54-9A1E7A4F7556}") = "Concore", "Concore\Concore.csproj", "{AD3BFDA1-313A-4805-A442-68573BA8E83B}"
EndProject
Project("{FAE04EC0-301F-11D3-BF4B-00C04F79EFBC}") = "FsiApp", "FsiApp\FsiApp.csproj", "{19ED071D-DA0D-4C27-A4FF-ABD23D0B0885}"
EndProject
Global
	GlobalSection(SolutionConfigurationPlatforms) = preSolution
		Debug|Any CPU = Debug|Any CPU
		Release|Any CPU = Release|Any CPU
	EndGlobalSection
	GlobalSection(ProjectConfigurationPlatforms) = postSolution
		{BF16198F-897B-476B-81FE-CB72C13DC128}.Debug|Any CPU.ActiveCfg = Debug|Any CPU
		{BF16198F-897B-476B-81FE-CB72C13DC128}.Debug|Any CPU.Build.0 = Debug|Any CPU
		{BF16198F-897B-476B-81FE-CB72C13DC128}.Release|Any CPU.ActiveCfg = Release|Any CPU
		{BF16198F-897B-476B-81FE-CB72C13DC128}.Release|Any CPU.Build.0 = Release|Any CPU
		{DEE5DA7C-3E1F-439A-B442-9EFB4C029537}.Debug|Any CPU.ActiveCfg = Debug|Any CPU
		{DEE5DA7C-3E1F-439A-B442-9EFB4C029537}.Debug|Any CPU.Build.0 = Debug|Any CPU
		{DEE5DA7C-3E1F-439A-B442-9EFB4C029537}.Release|Any CPU.ActiveCfg = Release|Any CPU
		{DEE5DA7C-3E1F-439A-B442-9EFB4C029537}.Release|Any CPU.Build.0 = Release|Any CPU
		{AD3BFDA1-313A-4805-A442-68573BA8E83B}.Debug|Any CPU.ActiveCfg = Debug|Any CPU
		{AD3BFDA1-313A-4805-A442-68573BA8E83B}.Debug|Any CPU.Build.0 = Debug|Any CPU
		{AD3BFDA1-313A-4805-A442-68573BA8E83B}.Release|Any CPU.ActiveCfg = Release|Any CPU
		{AD3BFDA1-313A-4805-A442-68573BA8E83B}.Release|Any CPU.Build.0 = Release|Any CPU
		{19ED071D-DA0D-4C27-A4FF-ABD23D0B0885}.Debug|Any CPU.ActiveCfg = Debug|Any CPU
		{19ED071D-DA0D-4C27-A4FF-ABD23D0B0885}.Debug|Any CPU.Build.0 = Debug|Any CPU
		{19ED071D-DA0D-4C27-A4FF-ABD23D0B0885}.Release|Any CPU.ActiveCfg = Release|Any CPU
		{19ED071D-DA0D-4C27-A4FF-ABD23D0B0885}.Release|Any CPU.Build.0 = Release|Any CPU
	EndGlobalSection
	GlobalSection(SolutionProperties) = preSolution
		HideSolutionNode = FALSE
	EndGlobalSection
	GlobalSection(ExtensibilityGlobals) = postSolution
		SolutionGuid = {062D22F9-B25B-49B7-B39F-FDBA4A6387C7}
	EndGlobalSection
EndGlobal
